
Microsoft Visual Studio Solution File, Format Version 12.00
# Visual Studio 15
VisualStudioVersion = 15.0.27130.2026
MinimumVisualStudioVersion = 10.0.40219.1
Project("{FAE04EC0-301F-11D3-BF4B-00C04F79EFBC}") = "CheckEGRN", "CheckEGRN\CheckEGRN.csproj", "{B990AB60-1E5A-4EBD-B36F-F1D66B28D219}"
EndProject
Global
	GlobalSection(SolutionConfigurationPlatforms) = preSolution
		Debug|Any CPU = Debug|Any CPU
		Release|Any CPU = Release|Any CPU
	EndGlobalSection
	GlobalSection(ProjectConfigurationPlatforms) = postSolution
		{B990AB60-1E5A-4EBD-B36F-F1D66B28D219}.Debug|Any CPU.ActiveCfg = Debug|Any CPU
		{B990AB60-1E5A-4EBD-B36F-F1D66B28D219}.Debug|Any CPU.Build.0 = Debug|Any CPU
		{B990AB60-1E5A-4EBD-B36F-F1D66B28D219}.Release|Any CPU.ActiveCfg = Release|Any CPU
		{B990AB60-1E5A-4EBD-B36F-F1D66B28D219}.Release|Any CPU.Build.0 = Release|Any CPU
	EndGlobalSection
	GlobalSection(SolutionProperties) = preSolution
		HideSolutionNode = FALSE
	EndGlobalSection
	GlobalSection(ExtensibilityGlobals) = postSolution
		SolutionGuid = {310F09FB-A2A9-49A6-B4CE-D91BB49E942B}
	EndGlobalSection
EndGlobal
